{
    "_readme": [
        "This file locks the dependencies of your project to a known state",
        "Read more about it at http://getcomposer.org/doc/01-basic-usage.md#composer-lock-the-lock-file",
        "This file is @generated automatically"
    ],
    "hash": "f6a6d609f02ccbd4f6ea618e6a949bf2",
    "packages": [
        {
            "name": "mcsodbrenner/serpent",
            "version": "2.0.5",
            "source": {
                "type": "git",
                "url": "https://github.com/McSodbrenner/serpent-php-template-engine.git",
                "reference": "71e781e89444e6811cef3474ab1d2dbad8fa9380"
            },
            "dist": {
                "type": "zip",
                "url": "https://api.github.com/repos/McSodbrenner/serpent-php-template-engine/zipball/71e781e89444e6811cef3474ab1d2dbad8fa9380",
                "reference": "71e781e89444e6811cef3474ab1d2dbad8fa9380",
                "shasum": ""
            },
            "require": {
                "php": ">=5.3.0"
            },
            "type": "library",
            "autoload": {
                "psr-4": {
                    "McSodbrenner\\Serpent\\": "src/"
                }
            },
            "notification-url": "https://packagist.org/downloads/",
            "license": [
                "LGPL-3.0"
            ],
            "description": "Serpent is a lightweight and compiling templating engine for PHP. It was designed to seamlessly integrate into existing MVC frameworks. It uses PHP itself as its template language, so you do not need to learn a new markup language. On the other side you get many improvements compared to pure PHP.",
            "keywords": [
                "engine",
                "template",
                "templating"
            ],
            "time": "2014-05-23 14:58:39"
        },
        {
            "name": "morrow/core",
            "version": "2.0.x-dev",
            "source": {
                "type": "git",
                "url": "https://github.com/MINISTRYGmbH/morrow-core.git",
                "reference": "a2c568ea6c20d5aee3fd590cca9a014a8897ec1c"
            },
            "dist": {
                "type": "zip",
                "url": "https://api.github.com/repos/MINISTRYGmbH/morrow-core/zipball/a2c568ea6c20d5aee3fd590cca9a014a8897ec1c",
                "reference": "a2c568ea6c20d5aee3fd590cca9a014a8897ec1c",
                "shasum": ""
            },
            "require": {
                "mcsodbrenner/serpent": "~2",
                "php": ">=5.4",
                "phpmailer/phpmailer": "~5"
            },
            "type": "library",
            "autoload": {
                "psr-4": {
                    "Morrow\\": "src/"
                }
            },
            "notification-url": "https://packagist.org/downloads/",
            "license": [
                "LGPL-3.0"
            ],
            "description": "Contains the core files of the Morrow framework that live in the vendor folder.",
            "keywords": [
                "framework",
                "php"
            ],
            "time": "2015-01-27 16:52:14"
        },
        {
            "name": "opauth/facebook",
            "version": "0.2.1",
            "source": {
                "type": "git",
                "url": "https://github.com/opauth/facebook.git",
                "reference": "28c0e53393a03a66cbfea03073d1d6aacfaddb69"
            },
            "dist": {
                "type": "zip",
                "url": "https://api.github.com/repos/opauth/facebook/zipball/28c0e53393a03a66cbfea03073d1d6aacfaddb69",
                "reference": "28c0e53393a03a66cbfea03073d1d6aacfaddb69",
                "shasum": ""
            },
            "require": {
                "opauth/opauth": ">=0.2.0",
                "php": ">=5.2.0"
            },
            "type": "library",
            "autoload": {
                "psr-0": {
                    "": "."
                }
            },
            "notification-url": "https://packagist.org/downloads/",
            "license": [
                "MIT"
            ],
            "authors": [
                {
                    "name": "U-Zyn Chua",
                    "email": "chua@uzyn.com",
                    "homepage": "http://uzyn.com"
                }
            ],
            "description": "Facebook strategy for Opauth",
            "homepage": "http://opauth.org",
            "keywords": [
                "Authentication",
                "auth",
                "facebook"
            ],
            "time": "2012-09-21 04:47:35"
        },
        {
            "name": "opauth/google",
            "version": "0.2.2",
            "source": {
                "type": "git",
                "url": "https://github.com/opauth/google.git",
                "reference": "35df77684c14acb346a8c3753ae3809852d1a47e"
            },
            "dist": {
                "type": "zip",
                "url": "https://api.github.com/repos/opauth/google/zipball/35df77684c14acb346a8c3753ae3809852d1a47e",
                "reference": "35df77684c14acb346a8c3753ae3809852d1a47e",
                "shasum": ""
            },
            "require": {
                "opauth/opauth": ">=0.2.0",
                "php": ">=5.2.0"
            },
            "type": "library",
            "autoload": {
                "psr-0": {
                    "": "."
                }
            },
            "notification-url": "https://packagist.org/downloads/",
            "license": [
                "MIT"
            ],
            "authors": [
                {
                    "name": "U-Zyn Chua",
                    "email": "chua@uzyn.com",
                    "homepage": "http://uzyn.com"
                }
            ],
            "description": "Google strategy for Opauth",
            "homepage": "http://opauth.org",
            "keywords": [
                "Authentication",
                "auth",
                "google"
            ],
            "time": "2012-10-18 14:39:52"
        },
        {
            "name": "opauth/opauth",
            "version": "0.4.4",
            "source": {
                "type": "git",
                "url": "https://github.com/opauth/opauth.git",
                "reference": "436fb98c2374c9e8ae4d8adddf83214bee4d9c72"
            },
            "dist": {
                "type": "zip",
                "url": "https://api.github.com/repos/opauth/opauth/zipball/436fb98c2374c9e8ae4d8adddf83214bee4d9c72",
                "reference": "436fb98c2374c9e8ae4d8adddf83214bee4d9c72",
                "shasum": ""
            },
            "require": {
                "php": ">=5.2.0"
            },
            "suggest": {
                "opauth/facebook": "Allows Facebook authentication",
                "opauth/google": "Allows Google authentication",
                "opauth/twitter": "Allows Twitter authentication"
            },
            "type": "library",
            "autoload": {
                "classmap": [
                    "lib/Opauth/"
                ]
            },
            "notification-url": "https://packagist.org/downloads/",
            "license": [
                "MIT"
            ],
            "authors": [
                {
                    "name": "U-Zyn Chua",
                    "email": "chua@uzyn.com",
                    "homepage": "http://uzyn.com"
                }
            ],
            "description": "Multi-provider authentication framework for PHP",
            "homepage": "http://opauth.org",
            "keywords": [
                "Authentication",
                "OpenId",
                "auth",
                "facebook",
                "google",
                "oauth",
                "omniauth",
                "twitter"
            ],
            "time": "2013-05-10 09:01:52"
        },
        {
            "name": "phpmailer/phpmailer",
            "version": "v5.2.9",
            "source": {
                "type": "git",
                "url": "https://github.com/PHPMailer/PHPMailer.git",
                "reference": "73b61679809615850706f1dbf88e6df2ddc05745"
            },
            "dist": {
                "type": "zip",
                "url": "https://api.github.com/repos/PHPMailer/PHPMailer/zipball/73b61679809615850706f1dbf88e6df2ddc05745",
                "reference": "73b61679809615850706f1dbf88e6df2ddc05745",
                "shasum": ""
            },
            "require": {
                "php": ">=5.0.0"
            },
            "require-dev": {
                "phpdocumentor/phpdocumentor": "*",
                "phpunit/phpunit": "4.1.*"
            },
            "type": "library",
            "autoload": {
                "classmap": [
                    "class.phpmailer.php",
                    "class.pop3.php",
                    "class.smtp.php"
                ]
            },
            "notification-url": "https://packagist.org/downloads/",
            "license": [
                "LGPL-2.1"
            ],
            "authors": [
                {
                    "name": "Jim Jagielski",
                    "email": "jimjag@gmail.com"
                },
                {
                    "name": "Marcus Bointon",
                    "email": "phpmailer@synchromedia.co.uk"
                },
                {
                    "name": "Andy Prevost",
                    "email": "codeworxtech@users.sourceforge.net"
                },
                {
                    "name": "Brent R. Matzelle"
                }
            ],
            "description": "PHPMailer is a full-featured email creation and transfer class for PHP",
            "time": "2014-09-26 18:33:30"
        }
    ],
    "packages-dev": [],
    "aliases": [],
    "minimum-stability": "stable",
    "stability-flags": {
        "morrow/core": 20
    },
    "prefer-stable": false,
    "prefer-lowest": false,
    "platform": {
        "php": ">=5.4"
    },
    "platform-dev": []
}
